
Microsoft Visual Studio Solution File, Format Version 12.00
# Visual Studio Version 16
VisualStudioVersion = 16.0.31702.278
MinimumVisualStudioVersion = 10.0.40219.1
Project("{FAE04EC0-301F-11D3-BF4B-00C04F79EFBC}") = "birthreg", "birthreg\birthreg.csproj", "{245EEA60-16D7-4374-B359-31CED89A8BF0}"
EndProject
Global
	GlobalSection(SolutionConfigurationPlatforms) = preSolution
		Debug|Any CPU = Debug|Any CPU
		Release|Any CPU = Release|Any CPU
	EndGlobalSection
	GlobalSection(ProjectConfigurationPlatforms) = postSolution
		{245EEA60-16D7-4374-B359-31CED89A8BF0}.Debug|Any CPU.ActiveCfg = Debug|Any CPU
		{245EEA60-16D7-4374-B359-31CED89A8BF0}.Debug|Any CPU.Build.0 = Debug|Any CPU
		{245EEA60-16D7-4374-B359-31CED89A8BF0}.Release|Any CPU.ActiveCfg = Release|Any CPU
		{245EEA60-16D7-4374-B359-31CED89A8BF0}.Release|Any CPU.Build.0 = Release|Any CPU
	EndGlobalSection
	GlobalSection(SolutionProperties) = preSolution
		HideSolutionNode = FALSE
	EndGlobalSection
	GlobalSection(ExtensibilityGlobals) = postSolution
		SolutionGuid = {AADB9203-65E7-46BA-8179-8913766E5CB0}
	EndGlobalSection
EndGlobal
